// !$*UTF8*$!
{
	archiveVersion = 1;
	classes = {
	};
	objectVersion = 48;
	objects = {

/* Begin PBXBuildFile section */
		53AC40D5204D977C86F49C60 /* Pods_ScoopInterview.framework in Frameworks */ = {isa = PBXBuildFile; fileRef = BFC756C80D2F76F3606ED065 /* Pods_ScoopInterview.framework */; };
		D5181F8B203FD94600E32E2E /* AppDelegate.swift in Sources */ = {isa = PBXBuildFile; fileRef = D5181F8A203FD94600E32E2E /* AppDelegate.swift */; };
		D5181F8D203FD94600E32E2E /* ViewController.swift in Sources */ = {isa = PBXBuildFile; fileRef = D5181F8C203FD94600E32E2E /* ViewController.swift */; };
		D5181F90203FD94600E32E2E /* Main.storyboard in Resources */ = {isa = PBXBuildFile; fileRef = D5181F8E203FD94600E32E2E /* Main.storyboard */; };
		D5181F92203FD94600E32E2E /* Assets.xcassets in Resources */ = {isa = PBXBuildFile; fileRef = D5181F91203FD94600E32E2E /* Assets.xcassets */; };
		D5181F95203FD94600E32E2E /* LaunchScreen.storyboard in Resources */ = {isa = PBXBuildFile; fileRef = D5181F93203FD94600E32E2E /* LaunchScreen.storyboard */; };
		D5181F9F203FDFE100E32E2E /* NetworkHandler.swift in Sources */ = {isa = PBXBuildFile; fileRef = D5181F9E203FDFE100E32E2E /* NetworkHandler.swift */; };
/* End PBXBuildFile section */

/* Begin PBXFileReference section */
		5621A8BC1E38B8544A9F3A3F /* Pods-ScoopInterview.release.xcconfig */ = {isa = PBXFileReference; includeInIndex = 1; lastKnownFileType = text.xcconfig; name = "Pods-ScoopInterview.release.xcconfig"; path = "Pods/Target Support Files/Pods-ScoopInterview/Pods-ScoopInterview.release.xcconfig"; sourceTree = "<group>"; };
		BF54310A80D2037503C110C7 /* Pods-ScoopInterview.debug.xcconfig */ = {isa = PBXFileReference; includeInIndex = 1; lastKnownFileType = text.xcconfig; name = "Pods-ScoopInterview.debug.xcconfig"; path = "Pods/Target Support Files/Pods-ScoopInterview/Pods-ScoopInterview.debug.xcconfig"; sourceTree = "<group>"; };
		BFC756C80D2F76F3606ED065 /* Pods_ScoopInterview.framework */ = {isa = PBXFileReference; explicitFileType = wrapper.framework; includeInIndex = 0; path = Pods_ScoopInterview.framework; sourceTree = BUILT_PRODUCTS_DIR; };
		D5181F87203FD94600E32E2E /* ScoopInterview.app */ = {isa = PBXFileReference; explicitFileType = wrapper.application; includeInIndex = 0; path = ScoopInterview.app; sourceTree = BUILT_PRODUCTS_DIR; };
		D5181F8A203FD94600E32E2E /* AppDelegate.swift */ = {isa = PBXFileReference; lastKnownFileType = sourcecode.swift; path = AppDelegate.swift; sourceTree = "<group>"; };
		D5181F8C203FD94600E32E2E /* ViewController.swift */ = {isa = PBXFileReference; lastKnownFileType = sourcecode.swift; path = ViewController.swift; sourceTree = "<group>"; };
		D5181F8F203FD94600E32E2E /* Base */ = {isa = PBXFileReference; lastKnownFileType = file.storyboard; name = Base; path = Base.lproj/Main.storyboard; sourceTree = "<group>"; };
		D5181F91203FD94600E32E2E /* Assets.xcassets */ = {isa = PBXFileReference; lastKnownFileType = folder.assetcatalog; path = Assets.xcassets; sourceTree = "<group>"; };
		D5181F94203FD94600E32E2E /* Base */ = {isa = PBXFileReference; lastKnownFileType = file.storyboard; name = Base; path = Base.lproj/LaunchScreen.storyboard; sourceTree = "<group>"; };
		D5181F96203FD94600E32E2E /* Info.plist */ = {isa = PBXFileReference; lastKnownFileType = text.plist.xml; path = Info.plist; sourceTree = "<group>"; };
		D5181F9E203FDFE100E32E2E /* NetworkHandler.swift */ = {isa = PBXFileReference; lastKnownFileType = sourcecode.swift; path = NetworkHandler.swift; sourceTree = "<group>"; };
/* End PBXFileReference section */

/* Begin PBXFrameworksBuildPhase section */
		D5181F84203FD94600E32E2E /* Frameworks */ = {
			isa = PBXFrameworksBuildPhase;
			buildActionMask = 2147483647;
			files = (
				53AC40D5204D977C86F49C60 /* Pods_ScoopInterview.framework in Frameworks */,
			);
			runOnlyForDeploymentPostprocessing = 0;
		};
/* End PBXFrameworksBuildPhase section */

/* Begin PBXGroup section */
		66C6D7CE6EFFEE23713DA7C1 /* Pods */ = {
			isa = PBXGroup;
			children = (
				BF54310A80D2037503C110C7 /* Pods-ScoopInterview.debug.xcconfig */,
				5621A8BC1E38B8544A9F3A3F /* Pods-ScoopInterview.release.xcconfig */,
			);
			name = Pods;
			sourceTree = "<group>";
		};
		D5181F7E203FD94600E32E2E = {
			isa = PBXGroup;
			children = (
				D5181F89203FD94600E32E2E /* ScoopInterview */,
				D5181F88203FD94600E32E2E /* Products */,
				66C6D7CE6EFFEE23713DA7C1 /* Pods */,
				F867ACB75D3ABFE64DD0A601 /* Frameworks */,
			);
			sourceTree = "<group>";
		};
		D5181F88203FD94600E32E2E /* Products */ = {
			isa = PBXGroup;
			children = (
				D5181F87203FD94600E32E2E /* ScoopInterview.app */,
			);
			name = Products;
			sourceTree = "<group>";
		};
		D5181F89203FD94600E32E2E /* ScoopInterview */ = {
			isa = PBXGroup;
			children = (
				D5181F8A203FD94600E32E2E /* AppDelegate.swift */,
				D5181F8C203FD94600E32E2E /* ViewController.swift */,
				D5181F9E203FDFE100E32E2E /* NetworkHandler.swift */,
				D5181F8E203FD94600E32E2E /* Main.storyboard */,
				D5181F91203FD94600E32E2E /* Assets.xcassets */,
				D5181F93203FD94600E32E2E /* LaunchScreen.storyboard */,
				D5181F96203FD94600E32E2E /* Info.plist */,
			);
			path = ScoopInterview;
			sourceTree = "<group>";
		};
		F867ACB75D3ABFE64DD0A601 /* Frameworks */ = {
			isa = PBXGroup;
			children = (
				BFC756C80D2F76F3606ED065 /* Pods_ScoopInterview.framework */,
			);
			name = Frameworks;
			sourceTree = "<group>";
		};
/* End PBXGroup section */

/* Begin PBXNativeTarget section */
		D5181F86203FD94600E32E2E /* ScoopInterview */ = {
			isa = PBXNativeTarget;
			buildConfigurationList = D5181F99203FD94600E32E2E /* Build configuration list for PBXNativeTarget "ScoopInterview" */;
			buildPhases = (
				E32ABD5E2E4DE9AD81858484 /* [CP] Check Pods Manifest.lock */,
				D5181F83203FD94600E32E2E /* Sources */,
				D5181F84203FD94600E32E2E /* Frameworks */,
				D5181F85203FD94600E32E2E /* Resources */,
				956EF229C628BD2961B2404C /* [CP] Embed Pods Frameworks */,
				97EB5AB7AEB33C4CC67C84B7 /* [CP] Copy Pods Resources */,
			);
			buildRules = (
			);
			dependencies = (
			);
			name = ScoopInterview;
			productName = ScoopInterview;
			productReference = D5181F87203FD94600E32E2E /* ScoopInterview.app */;
			productType = "com.apple.product-type.application";
		};
/* End PBXNativeTarget section */

/* Begin PBXProject section */
		D5181F7F203FD94600E32E2E /* Project object */ = {
			isa = PBXProject;
			attributes = {
				LastSwiftUpdateCheck = 0920;
				LastUpgradeCheck = 0920;
				ORGANIZATIONNAME = "Luke Solomon";
				TargetAttributes = {
					D5181F86203FD94600E32E2E = {
						CreatedOnToolsVersion = 9.2;
						ProvisioningStyle = Automatic;
					};
				};
			};
			buildConfigurationList = D5181F82203FD94600E32E2E /* Build configuration list for PBXProject "ScoopInterview" */;
			compatibilityVersion = "Xcode 8.0";
			developmentRegion = en;
			hasScannedForEncodings = 0;
			knownRegions = (
				en,
				Base,
			);
			mainGroup = D5181F7E203FD94600E32E2E;
			productRefGroup = D5181F88203FD94600E32E2E /* Products */;
			projectDirPath = "";
			projectRoot = "";
			targets = (
				D5181F86203FD94600E32E2E /* ScoopInterview */,
			);
		};
/* End PBXProject section */

/* Begin PBXResourcesBuildPhase section */
		D5181F85203FD94600E32E2E /* Resources */ = {
			isa = PBXResourcesBuildPhase;
			buildActionMask = 2147483647;
			files = (
				D5181F95203FD94600E32E2E /* LaunchScreen.storyboard in Resources */,
				D5181F92203FD94600E32E2E /* Assets.xcassets in Resources */,
				D5181F90203FD94600E32E2E /* Main.storyboard in Resources */,
			);
			runOnlyForDeploymentPostprocessing = 0;
		};
/* End PBXResourcesBuildPhase section */

/* Begin PBXShellScriptBuildPhase section */
		956EF229C628BD2961B2404C /* [CP] Embed Pods Frameworks */ = {
			isa = PBXShellScriptBuildPhase;
			buildActionMask = 2147483647;
			files = (
			);
			inputPaths = (
				"${SRCROOT}/Pods/Target Support Files/Pods-ScoopInterview/Pods-ScoopInterview-frameworks.sh",
				"${BUILT_PRODUCTS_DIR}/Alamofire/Alamofire.framework",
				"${BUILT_PRODUCTS_DIR}/SwiftyJSON/SwiftyJSON.framework",
			);
			name = "[CP] Embed Pods Frameworks";
			outputPaths = (
				"${TARGET_BUILD_DIR}/${FRAMEWORKS_FOLDER_PATH}/Alamofire.framework",
				"${TARGET_BUILD_DIR}/${FRAMEWORKS_FOLDER_PATH}/SwiftyJSON.framework",
			);
			runOnlyForDeploymentPostprocessing = 0;
			shellPath = /bin/sh;
			shellScript = "\"${SRCROOT}/Pods/Target Support Files/Pods-ScoopInterview/Pods-ScoopInterview-frameworks.sh\"\n";
			showEnvVarsInLog = 0;
		};
		97EB5AB7AEB33C4CC67C84B7 /* [CP] Copy Pods Resources */ = {
			isa = PBXShellScriptBuildPhase;
			buildActionMask = 2147483647;
			files = (
			);
			inputPaths = (
			);
			name = "[CP] Copy Pods Resources";
			outputPaths = (
			);
			runOnlyForDeploymentPostprocessing = 0;
			shellPath = /bin/sh;
			shellScript = "\"${SRCROOT}/Pods/Target Support Files/Pods-ScoopInterview/Pods-ScoopInterview-resources.sh\"\n";
			showEnvVarsInLog = 0;
		};
		E32ABD5E2E4DE9AD81858484 /* [CP] Check Pods Manifest.lock */ = {
			isa = PBXShellScriptBuildPhase;
			buildActionMask = 2147483647;
			files = (
			);
			inputPaths = (
				"${PODS_PODFILE_DIR_PATH}/Podfile.lock",
				"${PODS_ROOT}/Manifest.lock",
			);
			name = "[CP] Check Pods Manifest.lock";
			outputPaths = (
				"$(DERIVED_FILE_DIR)/Pods-ScoopInterview-checkManifestLockResult.txt",
			);
			runOnlyForDeploymentPostprocessing = 0;
			shellPath = /bin/sh;
			shellScript = "diff \"${PODS_PODFILE_DIR_PATH}/Podfile.lock\" \"${PODS_ROOT}/Manifest.lock\" > /dev/null\nif [ $? != 0 ] ; then\n    # print error to STDERR\n    echo \"error: The sandbox is not in sync with the Podfile.lock. Run 'pod install' or update your CocoaPods installation.\" >&2\n    exit 1\nfi\n# This output is used by Xcode 'outputs' to avoid re-running this script phase.\necho \"SUCCESS\" > \"${SCRIPT_OUTPUT_FILE_0}\"\n";
			showEnvVarsInLog = 0;
		};
/* End PBXShellScriptBuildPhase section */

/* Begin PBXSourcesBuildPhase section */
		D5181F83203FD94600E32E2E /* Sources */ = {
			isa = PBXSourcesBuildPhase;
			buildActionMask = 2147483647;
			files = (
				D5181F8D203FD94600E32E2E /* ViewController.swift in Sources */,
				D5181F8B203FD94600E32E2E /* AppDelegate.swift in Sources */,
				D5181F9F203FDFE100E32E2E /* NetworkHandler.swift in Sources */,
			);
			runOnlyForDeploymentPostprocessing = 0;
		};
/* End PBXSourcesBuildPhase section */

/* Begin PBXVariantGroup section */
		D5181F8E203FD94600E32E2E /* Main.storyboard */ = {
			isa = PBXVariantGroup;
			children = (
				D5181F8F203FD94600E32E2E /* Base */,
			);
			name = Main.storyboard;
			sourceTree = "<group>";
		};
		D5181F93203FD94600E32E2E /* LaunchScreen.storyboard */ = {
			isa = PBXVariantGroup;
			children = (
				D5181F94203FD94600E32E2E /* Base */,
			);
			name = LaunchScreen.storyboard;
			sourceTree = "<group>";
		};
/* End PBXVariantGroup section */

/* Begin XCBuildConfiguration section */
		D5181F97203FD94600E32E2E /* Debug */ = {
			isa = XCBuildConfiguration;
			buildSettings = {
				ALWAYS_SEARCH_USER_PATHS = NO;
				CLANG_ANALYZER_NONNULL = YES;
				CLANG_ANALYZER_NUMBER_OBJECT_CONVERSION = YES_AGGRESSIVE;
				CLANG_CXX_LANGUAGE_STANDARD = "gnu++14";
				CLANG_CXX_LIBRARY = "libc++";
				CLANG_ENABLE_MODULES = YES;
				CLANG_ENABLE_OBJC_ARC = YES;
				CLANG_WARN_BLOCK_CAPTURE_AUTORELEASING = YES;
				CLANG_WARN_BOOL_CONVERSION = YES;
				CLANG_WARN_COMMA = YES;
				CLANG_WARN_CONSTANT_CONVERSION = YES;
				CLANG_WARN_DIRECT_OBJC_ISA_USAGE = YES_ERROR;
				CLANG_WARN_DOCUMENTATION_COMMENTS = YES;
				CLANG_WARN_EMPTY_BODY = YES;
				CLANG_WARN_ENUM_CONVERSION = YES;
				CLANG_WARN_INFINITE_RECURSION = YES;
				CLANG_WARN_INT_CONVERSION = YES;
				CLANG_WARN_NON_LITERAL_NULL_CONVERSION = YES;
				CLANG_WARN_OBJC_LITERAL_CONVERSION = YES;
				CLANG_WARN_OBJC_ROOT_CLASS = YES_ERROR;
				CLANG_WARN_RANGE_LOOP_ANALYSIS = YES;
				CLANG_WARN_STRICT_PROTOTYPES = YES;
				CLANG_WARN_SUSPICIOUS_MOVE = YES;
				CLANG_WARN_UNGUARDED_AVAILABILITY = YES_AGGRESSIVE;
				CLANG_WARN_UNREACHABLE_CODE = YES;
				CLANG_WARN__DUPLICATE_METHOD_MATCH = YES;
				CODE_SIGN_IDENTITY = "iPhone Developer";
				COPY_PHASE_STRIP = NO;
				DEBUG_INFORMATION_FORMAT = dwarf;
				ENABLE_STRICT_OBJC_MSGSEND = YES;
				ENABLE_TESTABILITY = YES;
				GCC_C_LANGUAGE_STANDARD = gnu11;
				GCC_DYNAMIC_NO_PIC = NO;
				GCC_NO_COMMON_BLOCKS = YES;
				GCC_OPTIMIZATION_LEVEL = 0;
				GCC_PREPROCESSOR_DEFINITIONS = (
					"DEBUG=1",
					"$(inherited)",
				);
				GCC_WARN_64_TO_32_BIT_CONVERSION = YES;
				GCC_WARN_ABOUT_RETURN_TYPE = YES_ERROR;
				GCC_WARN_UNDECLARED_SELECTOR = YES;
				GCC_WARN_UNINITIALIZED_AUTOS = YES_AGGRESSIVE;
				GCC_WARN_UNUSED_FUNCTION = YES;
				GCC_WARN_UNUSED_VARIABLE = YES;
				IPHONEOS_DEPLOYMENT_TARGET = 11.2;
				MTL_ENABLE_DEBUG_INFO = YES;
				ONLY_ACTIVE_ARCH = YES;
				SDKROOT = iphoneos;
				SWIFT_ACTIVE_COMPILATION_CONDITIONS = DEBUG;
				SWIFT_OPTIMIZATION_LEVEL = "-Onone";
			};
			name = Debug;
		};
		D5181F98203FD94600E32E2E /* Release */ = {
			isa = XCBuildConfiguration;
			buildSettings = {
				ALWAYS_SEARCH_USER_PATHS = NO;
				CLANG_ANALYZER_NONNULL = YES;
				CLANG_ANALYZER_NUMBER_OBJECT_CONVERSION = YES_AGGRESSIVE;
				CLANG_CXX_LANGUAGE_STANDARD = "gnu++14";
				CLANG_CXX_LIBRARY = "libc++";
				CLANG_ENABLE_MODULES = YES;
				CLANG_ENABLE_OBJC_ARC = YES;
				CLANG_WARN_BLOCK_CAPTURE_AUTORELEASING = YES;
				CLANG_WARN_BOOL_CONVERSION = YES;
				CLANG_WARN_COMMA = YES;
				CLANG_WARN_CONSTANT_CONVERSION = YES;
				CLANG_WARN_DIRECT_OBJC_ISA_USAGE = YES_ERROR;
				CLANG_WARN_DOCUMENTATION_COMMENTS = YES;
				CLANG_WARN_EMPTY_BODY = YES;
				CLANG_WARN_ENUM_CONVERSION = YES;
				CLANG_WARN_INFINITE_RECURSION = YES;
				CLANG_WARN_INT_CONVERSION = YES;
				CLANG_WARN_NON_LITERAL_NULL_CONVERSION = YES;
				CLANG_WARN_OBJC_LITERAL_CONVERSION = YES;
				CLANG_WARN_OBJC_ROOT_CLASS = YES_ERROR;
				CLANG_WARN_RANGE_LOOP_ANALYSIS = YES;
				CLANG_WARN_STRICT_PROTOTYPES = YES;
				CLANG_WARN_SUSPICIOUS_MOVE = YES;
				CLANG_WARN_UNGUARDED_AVAILABILITY = YES_AGGRESSIVE;
				CLANG_WARN_UNREACHABLE_CODE = YES;
				CLANG_WARN__DUPLICATE_METHOD_MATCH = YES;
				CODE_SIGN_IDENTITY = "iPhone Developer";
				COPY_PHASE_STRIP = NO;
				DEBUG_INFORMATION_FORMAT = "dwarf-with-dsym";
				ENABLE_NS_ASSERTIONS = NO;
				ENABLE_STRICT_OBJC_MSGSEND = YES;
				GCC_C_LANGUAGE_STANDARD = gnu11;
				GCC_NO_COMMON_BLOCKS = YES;
				GCC_WARN_64_TO_32_BIT_CONVERSION = YES;
				GCC_WARN_ABOUT_RETURN_TYPE = YES_ERROR;
				GCC_WARN_UNDECLARED_SELECTOR = YES;
				GCC_WARN_UNINITIALIZED_AUTOS = YES_AGGRESSIVE;
				GCC_WARN_UNUSED_FUNCTION = YES;
				GCC_WARN_UNUSED_VARIABLE = YES;
				IPHONEOS_DEPLOYMENT_TARGET = 11.2;
				MTL_ENABLE_DEBUG_INFO = NO;
				SDKROOT = iphoneos;
				SWIFT_OPTIMIZATION_LEVEL = "-Owholemodule";
				VALIDATE_PRODUCT = YES;
			};
			name = Release;
		};
		D5181F9A203FD94600E32E2E /* Debug */ = {
			isa = XCBuildConfiguration;
			baseConfigurationReference = BF54310A80D2037503C110C7 /* Pods-ScoopInterview.debug.xcconfig */;
			buildSettings = {
				ASSETCATALOG_COMPILER_APPICON_NAME = AppIcon;
				CODE_SIGN_STYLE = Automatic;
				DEVELOPMENT_TEAM = 6TK8Q4KD6G;
				INFOPLIST_FILE = ScoopInterview/Info.plist;
				LD_RUNPATH_SEARCH_PATHS = "$(inherited) @executable_path/Frameworks";
				PRODUCT_BUNDLE_IDENTIFIER = SolomonStuff.ScoopInterview;
				PRODUCT_NAME = "$(TARGET_NAME)";
				SWIFT_VERSION = 4.0;
				TARGETED_DEVICE_FAMILY = "1,2";
			};
			name = Debug;
		};
		D5181F9B203FD94600E32E2E /* Release */ = {
			isa = XCBuildConfiguration;
			baseConfigurationReference = 5621A8BC1E38B8544A9F3A3F /* Pods-ScoopInterview.release.xcconfig */;
			buildSettings = {
				ASSETCATALOG_COMPILER_APPICON_NAME = AppIcon;
				CODE_SIGN_STYLE = Automatic;
				DEVELOPMENT_TEAM = 6TK8Q4KD6G;
				INFOPLIST_FILE = ScoopInterview/Info.plist;
				LD_RUNPATH_SEARCH_PATHS = "$(inherited) @executable_path/Frameworks";
				PRODUCT_BUNDLE_IDENTIFIER = SolomonStuff.ScoopInterview;
				PRODUCT_NAME = "$(TARGET_NAME)";
				SWIFT_VERSION = 4.0;
				TARGETED_DEVICE_FAMILY = "1,2";
			};
			name = Release;
		};
/* End XCBuildConfiguration section */

/* Begin XCConfigurationList section */
		D5181F82203FD94600E32E2E /* Build configuration list for PBXProject "ScoopInterview" */ = {
			isa = XCConfigurationList;
			buildConfigurations = (
				D5181F97203FD94600E32E2E /* Debug */,
				D5181F98203FD94600E32E2E /* Release */,
			);
			defaultConfigurationIsVisible = 0;
			defaultConfigurationName = Release;
		};
		D5181F99203FD94600E32E2E /* Build configuration list for PBXNativeTarget "ScoopInterview" */ = {
			isa = XCConfigurationList;
			buildConfigurations = (
				D5181F9A203FD94600E32E2E /* Debug */,
				D5181F9B203FD94600E32E2E /* Release */,
			);
			defaultConfigurationIsVisible = 0;
			defaultConfigurationName = Release;
		};
/* End XCConfigurationList section */
	};
	rootObject = D5181F7F203FD94600E32E2E /* Project object */;
}
